
Microsoft Visual Studio Solution File, Format Version 12.00
# Visual Studio Version 16
VisualStudioVersion = 16.6.30114.105
MinimumVisualStudioVersion = 10.0.40219.1
Project("{2150E333-8FDC-42A3-9474-1A3956D46DE8}") = "src", "src", "{F0F2CBD5-BA54-43CA-9958-96364FD1F75F}"
EndProject
Project("{FAE04EC0-301F-11D3-BF4B-00C04F79EFBC}") = "PipeNet", "src\PipeNet\PipeNet.csproj", "{C87732B6-D792-45F8-A22A-BE28D28C9EF0}"
EndProject
Project("{2150E333-8FDC-42A3-9474-1A3956D46DE8}") = "test", "test", "{876EB7CF-1200-4826-B5F7-0CF36B2D7E31}"
EndProject
Project("{FAE04EC0-301F-11D3-BF4B-00C04F79EFBC}") = "PipeNet.Test", "test\PipeNet.Test\PipeNet.Test.csproj", "{D8DEA445-AE61-4DE8-8630-811EDC722F43}"
EndProject
Project("{FAE04EC0-301F-11D3-BF4B-00C04F79EFBC}") = "PipeNet.Benchmark", "test\PipeNet.Benchmark\PipeNet.Benchmark.csproj", "{82D997BA-0614-40EB-98EB-6FB2240EA808}"
EndProject
Global
	GlobalSection(SolutionConfigurationPlatforms) = preSolution
		Debug|Any CPU = Debug|Any CPU
		Debug|x64 = Debug|x64
		Debug|x86 = Debug|x86
		Release|Any CPU = Release|Any CPU
		Release|x64 = Release|x64
		Release|x86 = Release|x86
	EndGlobalSection
	GlobalSection(SolutionProperties) = preSolution
		HideSolutionNode = FALSE
	EndGlobalSection
	GlobalSection(ProjectConfigurationPlatforms) = postSolution
		{C87732B6-D792-45F8-A22A-BE28D28C9EF0}.Debug|Any CPU.ActiveCfg = Debug|Any CPU
		{C87732B6-D792-45F8-A22A-BE28D28C9EF0}.Debug|Any CPU.Build.0 = Debug|Any CPU
		{C87732B6-D792-45F8-A22A-BE28D28C9EF0}.Debug|x64.ActiveCfg = Debug|Any CPU
		{C87732B6-D792-45F8-A22A-BE28D28C9EF0}.Debug|x64.Build.0 = Debug|Any CPU
		{C87732B6-D792-45F8-A22A-BE28D28C9EF0}.Debug|x86.ActiveCfg = Debug|Any CPU
		{C87732B6-D792-45F8-A22A-BE28D28C9EF0}.Debug|x86.Build.0 = Debug|Any CPU
		{C87732B6-D792-45F8-A22A-BE28D28C9EF0}.Release|Any CPU.ActiveCfg = Release|Any CPU
		{C87732B6-D792-45F8-A22A-BE28D28C9EF0}.Release|Any CPU.Build.0 = Release|Any CPU
		{C87732B6-D792-45F8-A22A-BE28D28C9EF0}.Release|x64.ActiveCfg = Release|Any CPU
		{C87732B6-D792-45F8-A22A-BE28D28C9EF0}.Release|x64.Build.0 = Release|Any CPU
		{C87732B6-D792-45F8-A22A-BE28D28C9EF0}.Release|x86.ActiveCfg = Release|Any CPU
		{C87732B6-D792-45F8-A22A-BE28D28C9EF0}.Release|x86.Build.0 = Release|Any CPU
		{D8DEA445-AE61-4DE8-8630-811EDC722F43}.Debug|Any CPU.ActiveCfg = Debug|Any CPU
		{D8DEA445-AE61-4DE8-8630-811EDC722F43}.Debug|Any CPU.Build.0 = Debug|Any CPU
		{D8DEA445-AE61-4DE8-8630-811EDC722F43}.Debug|x64.ActiveCfg = Debug|Any CPU
		{D8DEA445-AE61-4DE8-8630-811EDC722F43}.Debug|x64.Build.0 = Debug|Any CPU
		{D8DEA445-AE61-4DE8-8630-811EDC722F43}.Debug|x86.ActiveCfg = Debug|Any CPU
		{D8DEA445-AE61-4DE8-8630-811EDC722F43}.Debug|x86.Build.0 = Debug|Any CPU
		{D8DEA445-AE61-4DE8-8630-811EDC722F43}.Release|Any CPU.ActiveCfg = Release|Any CPU
		{D8DEA445-AE61-4DE8-8630-811EDC722F43}.Release|Any CPU.Build.0 = Release|Any CPU
		{D8DEA445-AE61-4DE8-8630-811EDC722F43}.Release|x64.ActiveCfg = Release|Any CPU
		{D8DEA445-AE61-4DE8-8630-811EDC722F43}.Release|x64.Build.0 = Release|Any CPU
		{D8DEA445-AE61-4DE8-8630-811EDC722F43}.Release|x86.ActiveCfg = Release|Any CPU
		{D8DEA445-AE61-4DE8-8630-811EDC722F43}.Release|x86.Build.0 = Release|Any CPU
		{82D997BA-0614-40EB-98EB-6FB2240EA808}.Debug|Any CPU.ActiveCfg = Debug|Any CPU
		{82D997BA-0614-40EB-98EB-6FB2240EA808}.Debug|Any CPU.Build.0 = Debug|Any CPU
		{82D997BA-0614-40EB-98EB-6FB2240EA808}.Debug|x64.ActiveCfg = Debug|Any CPU
		{82D997BA-0614-40EB-98EB-6FB2240EA808}.Debug|x64.Build.0 = Debug|Any CPU
		{82D997BA-0614-40EB-98EB-6FB2240EA808}.Debug|x86.ActiveCfg = Debug|Any CPU
		{82D997BA-0614-40EB-98EB-6FB2240EA808}.Debug|x86.Build.0 = Debug|Any CPU
		{82D997BA-0614-40EB-98EB-6FB2240EA808}.Release|Any CPU.ActiveCfg = Release|Any CPU
		{82D997BA-0614-40EB-98EB-6FB2240EA808}.Release|Any CPU.Build.0 = Release|Any CPU
		{82D997BA-0614-40EB-98EB-6FB2240EA808}.Release|x64.ActiveCfg = Release|Any CPU
		{82D997BA-0614-40EB-98EB-6FB2240EA808}.Release|x64.Build.0 = Release|Any CPU
		{82D997BA-0614-40EB-98EB-6FB2240EA808}.Release|x86.ActiveCfg = Release|Any CPU
		{82D997BA-0614-40EB-98EB-6FB2240EA808}.Release|x86.Build.0 = Release|Any CPU
	EndGlobalSection
	GlobalSection(NestedProjects) = preSolution
		{C87732B6-D792-45F8-A22A-BE28D28C9EF0} = {F0F2CBD5-BA54-43CA-9958-96364FD1F75F}
		{D8DEA445-AE61-4DE8-8630-811EDC722F43} = {876EB7CF-1200-4826-B5F7-0CF36B2D7E31}
		{82D997BA-0614-40EB-98EB-6FB2240EA808} = {876EB7CF-1200-4826-B5F7-0CF36B2D7E31}
	EndGlobalSection
EndGlobal
