
Microsoft Visual Studio Solution File, Format Version 12.00
# Visual Studio Version 16
VisualStudioVersion = 16.6.30114.105
MinimumVisualStudioVersion = 10.0.40219.1
Project("{2150E333-8FDC-42A3-9474-1A3956D46DE8}") = "src", "src", "{83FAC742-88A1-445F-BDBB-1C496D03778A}"
EndProject
Project("{FAE04EC0-301F-11D3-BF4B-00C04F79EFBC}") = "Pipeline", "src\Pipeline\Pipeline.csproj", "{F8840BCA-3A82-4BD8-856A-6D6926407B67}"
EndProject
Project("{2150E333-8FDC-42A3-9474-1A3956D46DE8}") = "test", "test", "{D6EC9C1E-6CB4-49F9-B284-1A6F45EE6FA0}"
EndProject
Project("{FAE04EC0-301F-11D3-BF4B-00C04F79EFBC}") = "Pipeline.Test", "test\Pipeline.Test\Pipeline.Test.csproj", "{349DF6F8-D0D3-44EA-994D-C452D1B4A39F}"
EndProject
Global
	GlobalSection(SolutionConfigurationPlatforms) = preSolution
		Debug|Any CPU = Debug|Any CPU
		Debug|x64 = Debug|x64
		Debug|x86 = Debug|x86
		Release|Any CPU = Release|Any CPU
		Release|x64 = Release|x64
		Release|x86 = Release|x86
	EndGlobalSection
	GlobalSection(SolutionProperties) = preSolution
		HideSolutionNode = FALSE
	EndGlobalSection
	GlobalSection(ProjectConfigurationPlatforms) = postSolution
		{F8840BCA-3A82-4BD8-856A-6D6926407B67}.Debug|Any CPU.ActiveCfg = Debug|Any CPU
		{F8840BCA-3A82-4BD8-856A-6D6926407B67}.Debug|Any CPU.Build.0 = Debug|Any CPU
		{F8840BCA-3A82-4BD8-856A-6D6926407B67}.Debug|x64.ActiveCfg = Debug|Any CPU
		{F8840BCA-3A82-4BD8-856A-6D6926407B67}.Debug|x64.Build.0 = Debug|Any CPU
		{F8840BCA-3A82-4BD8-856A-6D6926407B67}.Debug|x86.ActiveCfg = Debug|Any CPU
		{F8840BCA-3A82-4BD8-856A-6D6926407B67}.Debug|x86.Build.0 = Debug|Any CPU
		{F8840BCA-3A82-4BD8-856A-6D6926407B67}.Release|Any CPU.ActiveCfg = Release|Any CPU
		{F8840BCA-3A82-4BD8-856A-6D6926407B67}.Release|Any CPU.Build.0 = Release|Any CPU
		{F8840BCA-3A82-4BD8-856A-6D6926407B67}.Release|x64.ActiveCfg = Release|Any CPU
		{F8840BCA-3A82-4BD8-856A-6D6926407B67}.Release|x64.Build.0 = Release|Any CPU
		{F8840BCA-3A82-4BD8-856A-6D6926407B67}.Release|x86.ActiveCfg = Release|Any CPU
		{F8840BCA-3A82-4BD8-856A-6D6926407B67}.Release|x86.Build.0 = Release|Any CPU
		{349DF6F8-D0D3-44EA-994D-C452D1B4A39F}.Debug|Any CPU.ActiveCfg = Debug|Any CPU
		{349DF6F8-D0D3-44EA-994D-C452D1B4A39F}.Debug|Any CPU.Build.0 = Debug|Any CPU
		{349DF6F8-D0D3-44EA-994D-C452D1B4A39F}.Debug|x64.ActiveCfg = Debug|Any CPU
		{349DF6F8-D0D3-44EA-994D-C452D1B4A39F}.Debug|x64.Build.0 = Debug|Any CPU
		{349DF6F8-D0D3-44EA-994D-C452D1B4A39F}.Debug|x86.ActiveCfg = Debug|Any CPU
		{349DF6F8-D0D3-44EA-994D-C452D1B4A39F}.Debug|x86.Build.0 = Debug|Any CPU
		{349DF6F8-D0D3-44EA-994D-C452D1B4A39F}.Release|Any CPU.ActiveCfg = Release|Any CPU
		{349DF6F8-D0D3-44EA-994D-C452D1B4A39F}.Release|Any CPU.Build.0 = Release|Any CPU
		{349DF6F8-D0D3-44EA-994D-C452D1B4A39F}.Release|x64.ActiveCfg = Release|Any CPU
		{349DF6F8-D0D3-44EA-994D-C452D1B4A39F}.Release|x64.Build.0 = Release|Any CPU
		{349DF6F8-D0D3-44EA-994D-C452D1B4A39F}.Release|x86.ActiveCfg = Release|Any CPU
		{349DF6F8-D0D3-44EA-994D-C452D1B4A39F}.Release|x86.Build.0 = Release|Any CPU
	EndGlobalSection
	GlobalSection(NestedProjects) = preSolution
		{F8840BCA-3A82-4BD8-856A-6D6926407B67} = {83FAC742-88A1-445F-BDBB-1C496D03778A}
		{349DF6F8-D0D3-44EA-994D-C452D1B4A39F} = {D6EC9C1E-6CB4-49F9-B284-1A6F45EE6FA0}
	EndGlobalSection
EndGlobal
